// !$*UTF8*$!
{
	archiveVersion = 1;
	classes = {
	};
	objectVersion = 50;
	objects = {

/* Begin PBXBuildFile section */
		9C30942E26F2875D00CF07D8 /* AppDelegate.swift in Sources */ = {isa = PBXBuildFile; fileRef = 9C30942D26F2875D00CF07D8 /* AppDelegate.swift */; };
		9C30943026F2875D00CF07D8 /* SceneDelegate.swift in Sources */ = {isa = PBXBuildFile; fileRef = 9C30942F26F2875D00CF07D8 /* SceneDelegate.swift */; };
		9C30943226F2875D00CF07D8 /* ViewController.swift in Sources */ = {isa = PBXBuildFile; fileRef = 9C30943126F2875D00CF07D8 /* ViewController.swift */; };
		9C30943526F2875D00CF07D8 /* Main.storyboard in Resources */ = {isa = PBXBuildFile; fileRef = 9C30943326F2875D00CF07D8 /* Main.storyboard */; };
		9C30943726F2876000CF07D8 /* Assets.xcassets in Resources */ = {isa = PBXBuildFile; fileRef = 9C30943626F2876000CF07D8 /* Assets.xcassets */; };
		9C30943A26F2876000CF07D8 /* LaunchScreen.storyboard in Resources */ = {isa = PBXBuildFile; fileRef = 9C30943826F2876000CF07D8 /* LaunchScreen.storyboard */; };
		9C30944526F2876000CF07D8 /* BMICalculatorTests.swift in Sources */ = {isa = PBXBuildFile; fileRef = 9C30944426F2876000CF07D8 /* BMICalculatorTests.swift */; };
		9C30945026F2876000CF07D8 /* BMICalculatorUITests.swift in Sources */ = {isa = PBXBuildFile; fileRef = 9C30944F26F2876000CF07D8 /* BMICalculatorUITests.swift */; };
		9C30946026F2C0C000CF07D8 /* ResultViewController.swift in Sources */ = {isa = PBXBuildFile; fileRef = 9C30945F26F2C0C000CF07D8 /* ResultViewController.swift */; };
		9C30946226F2C8CB00CF07D8 /* BmiCalculatorBrain.swift in Sources */ = {isa = PBXBuildFile; fileRef = 9C30946126F2C8CB00CF07D8 /* BmiCalculatorBrain.swift */; };
		9C30946426F3C5D700CF07D8 /* Bmi.swift in Sources */ = {isa = PBXBuildFile; fileRef = 9C30946326F3C5D700CF07D8 /* Bmi.swift */; };
/* End PBXBuildFile section */

/* Begin PBXContainerItemProxy section */
		9C30944126F2876000CF07D8 /* PBXContainerItemProxy */ = {
			isa = PBXContainerItemProxy;
			containerPortal = 9C30942226F2875D00CF07D8 /* Project object */;
			proxyType = 1;
			remoteGlobalIDString = 9C30942926F2875D00CF07D8;
			remoteInfo = BMICalculator;
		};
		9C30944C26F2876000CF07D8 /* PBXContainerItemProxy */ = {
			isa = PBXContainerItemProxy;
			containerPortal = 9C30942226F2875D00CF07D8 /* Project object */;
			proxyType = 1;
			remoteGlobalIDString = 9C30942926F2875D00CF07D8;
			remoteInfo = BMICalculator;
		};
/* End PBXContainerItemProxy section */

/* Begin PBXFileReference section */
		9C30942A26F2875D00CF07D8 /* BMICalculator.app */ = {isa = PBXFileReference; explicitFileType = wrapper.application; includeInIndex = 0; path = BMICalculator.app; sourceTree = BUILT_PRODUCTS_DIR; };
		9C30942D26F2875D00CF07D8 /* AppDelegate.swift */ = {isa = PBXFileReference; lastKnownFileType = sourcecode.swift; path = AppDelegate.swift; sourceTree = "<group>"; };
		9C30942F26F2875D00CF07D8 /* SceneDelegate.swift */ = {isa = PBXFileReference; lastKnownFileType = sourcecode.swift; path = SceneDelegate.swift; sourceTree = "<group>"; };
		9C30943126F2875D00CF07D8 /* ViewController.swift */ = {isa = PBXFileReference; lastKnownFileType = sourcecode.swift; path = ViewController.swift; sourceTree = "<group>"; };
		9C30943426F2875D00CF07D8 /* Base */ = {isa = PBXFileReference; lastKnownFileType = file.storyboard; name = Base; path = Base.lproj/Main.storyboard; sourceTree = "<group>"; };
		9C30943626F2876000CF07D8 /* Assets.xcassets */ = {isa = PBXFileReference; lastKnownFileType = folder.assetcatalog; path = Assets.xcassets; sourceTree = "<group>"; };
		9C30943926F2876000CF07D8 /* Base */ = {isa = PBXFileReference; lastKnownFileType = file.storyboard; name = Base; path = Base.lproj/LaunchScreen.storyboard; sourceTree = "<group>"; };
		9C30943B26F2876000CF07D8 /* Info.plist */ = {isa = PBXFileReference; lastKnownFileType = text.plist.xml; path = Info.plist; sourceTree = "<group>"; };
		9C30944026F2876000CF07D8 /* BMICalculatorTests.xctest */ = {isa = PBXFileReference; explicitFileType = wrapper.cfbundle; includeInIndex = 0; path = BMICalculatorTests.xctest; sourceTree = BUILT_PRODUCTS_DIR; };
		9C30944426F2876000CF07D8 /* BMICalculatorTests.swift */ = {isa = PBXFileReference; lastKnownFileType = sourcecode.swift; path = BMICalculatorTests.swift; sourceTree = "<group>"; };
		9C30944626F2876000CF07D8 /* Info.plist */ = {isa = PBXFileReference; lastKnownFileType = text.plist.xml; path = Info.plist; sourceTree = "<group>"; };
		9C30944B26F2876000CF07D8 /* BMICalculatorUITests.xctest */ = {isa = PBXFileReference; explicitFileType = wrapper.cfbundle; includeInIndex = 0; path = BMICalculatorUITests.xctest; sourceTree = BUILT_PRODUCTS_DIR; };
		9C30944F26F2876000CF07D8 /* BMICalculatorUITests.swift */ = {isa = PBXFileReference; lastKnownFileType = sourcecode.swift; path = BMICalculatorUITests.swift; sourceTree = "<group>"; };
		9C30945126F2876000CF07D8 /* Info.plist */ = {isa = PBXFileReference; lastKnownFileType = text.plist.xml; path = Info.plist; sourceTree = "<group>"; };
		9C30945F26F2C0C000CF07D8 /* ResultViewController.swift */ = {isa = PBXFileReference; lastKnownFileType = sourcecode.swift; path = ResultViewController.swift; sourceTree = "<group>"; };
		9C30946126F2C8CB00CF07D8 /* BmiCalculatorBrain.swift */ = {isa = PBXFileReference; lastKnownFileType = sourcecode.swift; path = BmiCalculatorBrain.swift; sourceTree = "<group>"; };
		9C30946326F3C5D700CF07D8 /* Bmi.swift */ = {isa = PBXFileReference; lastKnownFileType = sourcecode.swift; path = Bmi.swift; sourceTree = "<group>"; };
/* End PBXFileReference section */

/* Begin PBXFrameworksBuildPhase section */
		9C30942726F2875D00CF07D8 /* Frameworks */ = {
			isa = PBXFrameworksBuildPhase;
			buildActionMask = 2147483647;
			files = (
			);
			runOnlyForDeploymentPostprocessing = 0;
		};
		9C30943D26F2876000CF07D8 /* Frameworks */ = {
			isa = PBXFrameworksBuildPhase;
			buildActionMask = 2147483647;
			files = (
			);
			runOnlyForDeploymentPostprocessing = 0;
		};
		9C30944826F2876000CF07D8 /* Frameworks */ = {
			isa = PBXFrameworksBuildPhase;
			buildActionMask = 2147483647;
			files = (
			);
			runOnlyForDeploymentPostprocessing = 0;
		};
/* End PBXFrameworksBuildPhase section */

/* Begin PBXGroup section */
		9C30942126F2875D00CF07D8 = {
			isa = PBXGroup;
			children = (
				9C30942C26F2875D00CF07D8 /* BMICalculator */,
				9C30944326F2876000CF07D8 /* BMICalculatorTests */,
				9C30944E26F2876000CF07D8 /* BMICalculatorUITests */,
				9C30942B26F2875D00CF07D8 /* Products */,
			);
			sourceTree = "<group>";
		};
		9C30942B26F2875D00CF07D8 /* Products */ = {
			isa = PBXGroup;
			children = (
				9C30942A26F2875D00CF07D8 /* BMICalculator.app */,
				9C30944026F2876000CF07D8 /* BMICalculatorTests.xctest */,
				9C30944B26F2876000CF07D8 /* BMICalculatorUITests.xctest */,
			);
			name = Products;
			sourceTree = "<group>";
		};
		9C30942C26F2875D00CF07D8 /* BMICalculator */ = {
			isa = PBXGroup;
			children = (
				9C30942D26F2875D00CF07D8 /* AppDelegate.swift */,
				9C30942F26F2875D00CF07D8 /* SceneDelegate.swift */,
				9C30943326F2875D00CF07D8 /* Main.storyboard */,
				9C30943626F2876000CF07D8 /* Assets.xcassets */,
				9C30943826F2876000CF07D8 /* LaunchScreen.storyboard */,
				9C30943B26F2876000CF07D8 /* Info.plist */,
				9C30943126F2875D00CF07D8 /* ViewController.swift */,
				9C30945F26F2C0C000CF07D8 /* ResultViewController.swift */,
				9C30946126F2C8CB00CF07D8 /* BmiCalculatorBrain.swift */,
				9C30946326F3C5D700CF07D8 /* Bmi.swift */,
			);
			path = BMICalculator;
			sourceTree = "<group>";
		};
		9C30944326F2876000CF07D8 /* BMICalculatorTests */ = {
			isa = PBXGroup;
			children = (
				9C30944426F2876000CF07D8 /* BMICalculatorTests.swift */,
				9C30944626F2876000CF07D8 /* Info.plist */,
			);
			path = BMICalculatorTests;
			sourceTree = "<group>";
		};
		9C30944E26F2876000CF07D8 /* BMICalculatorUITests */ = {
			isa = PBXGroup;
			children = (
				9C30944F26F2876000CF07D8 /* BMICalculatorUITests.swift */,
				9C30945126F2876000CF07D8 /* Info.plist */,
			);
			path = BMICalculatorUITests;
			sourceTree = "<group>";
		};
/* End PBXGroup section */

/* Begin PBXNativeTarget section */
		9C30942926F2875D00CF07D8 /* BMICalculator */ = {
			isa = PBXNativeTarget;
			buildConfigurationList = 9C30945426F2876000CF07D8 /* Build configuration list for PBXNativeTarget "BMICalculator" */;
			buildPhases = (
				9C30942626F2875D00CF07D8 /* Sources */,
				9C30942726F2875D00CF07D8 /* Frameworks */,
				9C30942826F2875D00CF07D8 /* Resources */,
			);
			buildRules = (
			);
			dependencies = (
			);
			name = BMICalculator;
			productName = BMICalculator;
			productReference = 9C30942A26F2875D00CF07D8 /* BMICalculator.app */;
			productType = "com.apple.product-type.application";
		};
		9C30943F26F2876000CF07D8 /* BMICalculatorTests */ = {
			isa = PBXNativeTarget;
			buildConfigurationList = 9C30945726F2876000CF07D8 /* Build configuration list for PBXNativeTarget "BMICalculatorTests" */;
			buildPhases = (
				9C30943C26F2876000CF07D8 /* Sources */,
				9C30943D26F2876000CF07D8 /* Frameworks */,
				9C30943E26F2876000CF07D8 /* Resources */,
			);
			buildRules = (
			);
			dependencies = (
				9C30944226F2876000CF07D8 /* PBXTargetDependency */,
			);
			name = BMICalculatorTests;
			productName = BMICalculatorTests;
			productReference = 9C30944026F2876000CF07D8 /* BMICalculatorTests.xctest */;
			productType = "com.apple.product-type.bundle.unit-test";
		};
		9C30944A26F2876000CF07D8 /* BMICalculatorUITests */ = {
			isa = PBXNativeTarget;
			buildConfigurationList = 9C30945A26F2876000CF07D8 /* Build configuration list for PBXNativeTarget "BMICalculatorUITests" */;
			buildPhases = (
				9C30944726F2876000CF07D8 /* Sources */,
				9C30944826F2876000CF07D8 /* Frameworks */,
				9C30944926F2876000CF07D8 /* Resources */,
			);
			buildRules = (
			);
			dependencies = (
				9C30944D26F2876000CF07D8 /* PBXTargetDependency */,
			);
			name = BMICalculatorUITests;
			productName = BMICalculatorUITests;
			productReference = 9C30944B26F2876000CF07D8 /* BMICalculatorUITests.xctest */;
			productType = "com.apple.product-type.bundle.ui-testing";
		};
/* End PBXNativeTarget section */

/* Begin PBXProject section */
		9C30942226F2875D00CF07D8 /* Project object */ = {
			isa = PBXProject;
			attributes = {
				LastSwiftUpdateCheck = 1250;
				LastUpgradeCheck = 1250;
				TargetAttributes = {
					9C30942926F2875D00CF07D8 = {
						CreatedOnToolsVersion = 12.5.1;
					};
					9C30943F26F2876000CF07D8 = {
						CreatedOnToolsVersion = 12.5.1;
						TestTargetID = 9C30942926F2875D00CF07D8;
					};
					9C30944A26F2876000CF07D8 = {
						CreatedOnToolsVersion = 12.5.1;
						TestTargetID = 9C30942926F2875D00CF07D8;
					};
				};
			};
			buildConfigurationList = 9C30942526F2875D00CF07D8 /* Build configuration list for PBXProject "BMICalculator" */;
			compatibilityVersion = "Xcode 9.3";
			developmentRegion = en;
			hasScannedForEncodings = 0;
			knownRegions = (
				en,
				Base,
			);
			mainGroup = 9C30942126F2875D00CF07D8;
			productRefGroup = 9C30942B26F2875D00CF07D8 /* Products */;
			projectDirPath = "";
			projectRoot = "";
			targets = (
				9C30942926F2875D00CF07D8 /* BMICalculator */,
				9C30943F26F2876000CF07D8 /* BMICalculatorTests */,
				9C30944A26F2876000CF07D8 /* BMICalculatorUITests */,
			);
		};
/* End PBXProject section */

/* Begin PBXResourcesBuildPhase section */
		9C30942826F2875D00CF07D8 /* Resources */ = {
			isa = PBXResourcesBuildPhase;
			buildActionMask = 2147483647;
			files = (
				9C30943A26F2876000CF07D8 /* LaunchScreen.storyboard in Resources */,
				9C30943726F2876000CF07D8 /* Assets.xcassets in Resources */,
				9C30943526F2875D00CF07D8 /* Main.storyboard in Resources */,
			);
			runOnlyForDeploymentPostprocessing = 0;
		};
		9C30943E26F2876000CF07D8 /* Resources */ = {
			isa = PBXResourcesBuildPhase;
			buildActionMask = 2147483647;
			files = (
			);
			runOnlyForDeploymentPostprocessing = 0;
		};
		9C30944926F2876000CF07D8 /* Resources */ = {
			isa = PBXResourcesBuildPhase;
			buildActionMask = 2147483647;
			files = (
			);
			runOnlyForDeploymentPostprocessing = 0;
		};
/* End PBXResourcesBuildPhase section */

/* Begin PBXSourcesBuildPhase section */
		9C30942626F2875D00CF07D8 /* Sources */ = {
			isa = PBXSourcesBuildPhase;
			buildActionMask = 2147483647;
			files = (
				9C30946426F3C5D700CF07D8 /* Bmi.swift in Sources */,
				9C30943226F2875D00CF07D8 /* ViewController.swift in Sources */,
				9C30942E26F2875D00CF07D8 /* AppDelegate.swift in Sources */,
				9C30943026F2875D00CF07D8 /* SceneDelegate.swift in Sources */,
				9C30946226F2C8CB00CF07D8 /* BmiCalculatorBrain.swift in Sources */,
				9C30946026F2C0C000CF07D8 /* ResultViewController.swift in Sources */,
			);
			runOnlyForDeploymentPostprocessing = 0;
		};
		9C30943C26F2876000CF07D8 /* Sources */ = {
			isa = PBXSourcesBuildPhase;
			buildActionMask = 2147483647;
			files = (
				9C30944526F2876000CF07D8 /* BMICalculatorTests.swift in Sources */,
			);
			runOnlyForDeploymentPostprocessing = 0;
		};
		9C30944726F2876000CF07D8 /* Sources */ = {
			isa = PBXSourcesBuildPhase;
			buildActionMask = 2147483647;
			files = (
				9C30945026F2876000CF07D8 /* BMICalculatorUITests.swift in Sources */,
			);
			runOnlyForDeploymentPostprocessing = 0;
		};
/* End PBXSourcesBuildPhase section */

/* Begin PBXTargetDependency section */
		9C30944226F2876000CF07D8 /* PBXTargetDependency */ = {
			isa = PBXTargetDependency;
			target = 9C30942926F2875D00CF07D8 /* BMICalculator */;
			targetProxy = 9C30944126F2876000CF07D8 /* PBXContainerItemProxy */;
		};
		9C30944D26F2876000CF07D8 /* PBXTargetDependency */ = {
			isa = PBXTargetDependency;
			target = 9C30942926F2875D00CF07D8 /* BMICalculator */;
			targetProxy = 9C30944C26F2876000CF07D8 /* PBXContainerItemProxy */;
		};
/* End PBXTargetDependency section */

/* Begin PBXVariantGroup section */
		9C30943326F2875D00CF07D8 /* Main.storyboard */ = {
			isa = PBXVariantGroup;
			children = (
				9C30943426F2875D00CF07D8 /* Base */,
			);
			name = Main.storyboard;
			sourceTree = "<group>";
		};
		9C30943826F2876000CF07D8 /* LaunchScreen.storyboard */ = {
			isa = PBXVariantGroup;
			children = (
				9C30943926F2876000CF07D8 /* Base */,
			);
			name = LaunchScreen.storyboard;
			sourceTree = "<group>";
		};
/* End PBXVariantGroup section */

/* Begin XCBuildConfiguration section */
		9C30945226F2876000CF07D8 /* Debug */ = {
			isa = XCBuildConfiguration;
			buildSettings = {
				ALWAYS_SEARCH_USER_PATHS = NO;
				CLANG_ANALYZER_NONNULL = YES;
				CLANG_ANALYZER_NUMBER_OBJECT_CONVERSION = YES_AGGRESSIVE;
				CLANG_CXX_LANGUAGE_STANDARD = "gnu++14";
				CLANG_CXX_LIBRARY = "libc++";
				CLANG_ENABLE_MODULES = YES;
				CLANG_ENABLE_OBJC_ARC = YES;
				CLANG_ENABLE_OBJC_WEAK = YES;
				CLANG_WARN_BLOCK_CAPTURE_AUTORELEASING = YES;
				CLANG_WARN_BOOL_CONVERSION = YES;
				CLANG_WARN_COMMA = YES;
				CLANG_WARN_CONSTANT_CONVERSION = YES;
				CLANG_WARN_DEPRECATED_OBJC_IMPLEMENTATIONS = YES;
				CLANG_WARN_DIRECT_OBJC_ISA_USAGE = YES_ERROR;
				CLANG_WARN_DOCUMENTATION_COMMENTS = YES;
				CLANG_WARN_EMPTY_BODY = YES;
				CLANG_WARN_ENUM_CONVERSION = YES;
				CLANG_WARN_INFINITE_RECURSION = YES;
				CLANG_WARN_INT_CONVERSION = YES;
				CLANG_WARN_NON_LITERAL_NULL_CONVERSION = YES;
				CLANG_WARN_OBJC_IMPLICIT_RETAIN_SELF = YES;
				CLANG_WARN_OBJC_LITERAL_CONVERSION = YES;
				CLANG_WARN_OBJC_ROOT_CLASS = YES_ERROR;
				CLANG_WARN_QUOTED_INCLUDE_IN_FRAMEWORK_HEADER = YES;
				CLANG_WARN_RANGE_LOOP_ANALYSIS = YES;
				CLANG_WARN_STRICT_PROTOTYPES = YES;
				CLANG_WARN_SUSPICIOUS_MOVE = YES;
				CLANG_WARN_UNGUARDED_AVAILABILITY = YES_AGGRESSIVE;
				CLANG_WARN_UNREACHABLE_CODE = YES;
				CLANG_WARN__DUPLICATE_METHOD_MATCH = YES;
				COPY_PHASE_STRIP = NO;
				DEBUG_INFORMATION_FORMAT = dwarf;
				ENABLE_STRICT_OBJC_MSGSEND = YES;
				ENABLE_TESTABILITY = YES;
				GCC_C_LANGUAGE_STANDARD = gnu11;
				GCC_DYNAMIC_NO_PIC = NO;
				GCC_NO_COMMON_BLOCKS = YES;
				GCC_OPTIMIZATION_LEVEL = 0;
				GCC_PREPROCESSOR_DEFINITIONS = (
					"DEBUG=1",
					"$(inherited)",
				);
				GCC_WARN_64_TO_32_BIT_CONVERSION = YES;
				GCC_WARN_ABOUT_RETURN_TYPE = YES_ERROR;
				GCC_WARN_UNDECLARED_SELECTOR = YES;
				GCC_WARN_UNINITIALIZED_AUTOS = YES_AGGRESSIVE;
				GCC_WARN_UNUSED_FUNCTION = YES;
				GCC_WARN_UNUSED_VARIABLE = YES;
				IPHONEOS_DEPLOYMENT_TARGET = 14.5;
				MTL_ENABLE_DEBUG_INFO = INCLUDE_SOURCE;
				MTL_FAST_MATH = YES;
				ONLY_ACTIVE_ARCH = YES;
				SDKROOT = iphoneos;
				SWIFT_ACTIVE_COMPILATION_CONDITIONS = DEBUG;
				SWIFT_OPTIMIZATION_LEVEL = "-Onone";
			};
			name = Debug;
		};
		9C30945326F2876000CF07D8 /* Release */ = {
			isa = XCBuildConfiguration;
			buildSettings = {
				ALWAYS_SEARCH_USER_PATHS = NO;
				CLANG_ANALYZER_NONNULL = YES;
				CLANG_ANALYZER_NUMBER_OBJECT_CONVERSION = YES_AGGRESSIVE;
				CLANG_CXX_LANGUAGE_STANDARD = "gnu++14";
				CLANG_CXX_LIBRARY = "libc++";
				CLANG_ENABLE_MODULES = YES;
				CLANG_ENABLE_OBJC_ARC = YES;
				CLANG_ENABLE_OBJC_WEAK = YES;
				CLANG_WARN_BLOCK_CAPTURE_AUTORELEASING = YES;
				CLANG_WARN_BOOL_CONVERSION = YES;
				CLANG_WARN_COMMA = YES;
				CLANG_WARN_CONSTANT_CONVERSION = YES;
				CLANG_WARN_DEPRECATED_OBJC_IMPLEMENTATIONS = YES;
				CLANG_WARN_DIRECT_OBJC_ISA_USAGE = YES_ERROR;
				CLANG_WARN_DOCUMENTATION_COMMENTS = YES;
				CLANG_WARN_EMPTY_BODY = YES;
				CLANG_WARN_ENUM_CONVERSION = YES;
				CLANG_WARN_INFINITE_RECURSION = YES;
				CLANG_WARN_INT_CONVERSION = YES;
				CLANG_WARN_NON_LITERAL_NULL_CONVERSION = YES;
				CLANG_WARN_OBJC_IMPLICIT_RETAIN_SELF = YES;
				CLANG_WARN_OBJC_LITERAL_CONVERSION = YES;
				CLANG_WARN_OBJC_ROOT_CLASS = YES_ERROR;
				CLANG_WARN_QUOTED_INCLUDE_IN_FRAMEWORK_HEADER = YES;
				CLANG_WARN_RANGE_LOOP_ANALYSIS = YES;
				CLANG_WARN_STRICT_PROTOTYPES = YES;
				CLANG_WARN_SUSPICIOUS_MOVE = YES;
				CLANG_WARN_UNGUARDED_AVAILABILITY = YES_AGGRESSIVE;
				CLANG_WARN_UNREACHABLE_CODE = YES;
				CLANG_WARN__DUPLICATE_METHOD_MATCH = YES;
				COPY_PHASE_STRIP = NO;
				DEBUG_INFORMATION_FORMAT = "dwarf-with-dsym";
				ENABLE_NS_ASSERTIONS = NO;
				ENABLE_STRICT_OBJC_MSGSEND = YES;
				GCC_C_LANGUAGE_STANDARD = gnu11;
				GCC_NO_COMMON_BLOCKS = YES;
				GCC_WARN_64_TO_32_BIT_CONVERSION = YES;
				GCC_WARN_ABOUT_RETURN_TYPE = YES_ERROR;
				GCC_WARN_UNDECLARED_SELECTOR = YES;
				GCC_WARN_UNINITIALIZED_AUTOS = YES_AGGRESSIVE;
				GCC_WARN_UNUSED_FUNCTION = YES;
				GCC_WARN_UNUSED_VARIABLE = YES;
				IPHONEOS_DEPLOYMENT_TARGET = 14.5;
				MTL_ENABLE_DEBUG_INFO = NO;
				MTL_FAST_MATH = YES;
				SDKROOT = iphoneos;
				SWIFT_COMPILATION_MODE = wholemodule;
				SWIFT_OPTIMIZATION_LEVEL = "-O";
				VALIDATE_PRODUCT = YES;
			};
			name = Release;
		};
		9C30945526F2876000CF07D8 /* Debug */ = {
			isa = XCBuildConfiguration;
			buildSettings = {
				ASSETCATALOG_COMPILER_APPICON_NAME = AppIcon;
				ASSETCATALOG_COMPILER_GLOBAL_ACCENT_COLOR_NAME = AccentColor;
				CODE_SIGN_STYLE = Automatic;
				DEVELOPMENT_TEAM = S2NLC87TPJ;
				INFOPLIST_FILE = BMICalculator/Info.plist;
				LD_RUNPATH_SEARCH_PATHS = (
					"$(inherited)",
					"@executable_path/Frameworks",
				);
				PRODUCT_BUNDLE_IDENTIFIER = com.giovannarodrigues.BMICalculator;
				PRODUCT_NAME = "$(TARGET_NAME)";
				SWIFT_VERSION = 5.0;
				TARGETED_DEVICE_FAMILY = "1,2";
			};
			name = Debug;
		};
		9C30945626F2876000CF07D8 /* Release */ = {
			isa = XCBuildConfiguration;
			buildSettings = {
				ASSETCATALOG_COMPILER_APPICON_NAME = AppIcon;
				ASSETCATALOG_COMPILER_GLOBAL_ACCENT_COLOR_NAME = AccentColor;
				CODE_SIGN_STYLE = Automatic;
				DEVELOPMENT_TEAM = S2NLC87TPJ;
				INFOPLIST_FILE = BMICalculator/Info.plist;
				LD_RUNPATH_SEARCH_PATHS = (
					"$(inherited)",
					"@executable_path/Frameworks",
				);
				PRODUCT_BUNDLE_IDENTIFIER = com.giovannarodrigues.BMICalculator;
				PRODUCT_NAME = "$(TARGET_NAME)";
				SWIFT_VERSION = 5.0;
				TARGETED_DEVICE_FAMILY = "1,2";
			};
			name = Release;
		};
		9C30945826F2876000CF07D8 /* Debug */ = {
			isa = XCBuildConfiguration;
			buildSettings = {
				ALWAYS_EMBED_SWIFT_STANDARD_LIBRARIES = YES;
				BUNDLE_LOADER = "$(TEST_HOST)";
				CODE_SIGN_STYLE = Automatic;
				DEVELOPMENT_TEAM = S2NLC87TPJ;
				INFOPLIST_FILE = BMICalculatorTests/Info.plist;
				IPHONEOS_DEPLOYMENT_TARGET = 14.5;
				LD_RUNPATH_SEARCH_PATHS = (
					"$(inherited)",
					"@executable_path/Frameworks",
					"@loader_path/Frameworks",
				);
				PRODUCT_BUNDLE_IDENTIFIER = com.giovannarodrigues.BMICalculatorTests;
				PRODUCT_NAME = "$(TARGET_NAME)";
				SWIFT_VERSION = 5.0;
				TARGETED_DEVICE_FAMILY = "1,2";
				TEST_HOST = "$(BUILT_PRODUCTS_DIR)/BMICalculator.app/BMICalculator";
			};
			name = Debug;
		};
		9C30945926F2876000CF07D8 /* Release */ = {
			isa = XCBuildConfiguration;
			buildSettings = {
				ALWAYS_EMBED_SWIFT_STANDARD_LIBRARIES = YES;
				BUNDLE_LOADER = "$(TEST_HOST)";
				CODE_SIGN_STYLE = Automatic;
				DEVELOPMENT_TEAM = S2NLC87TPJ;
				INFOPLIST_FILE = BMICalculatorTests/Info.plist;
				IPHONEOS_DEPLOYMENT_TARGET = 14.5;
				LD_RUNPATH_SEARCH_PATHS = (
					"$(inherited)",
					"@executable_path/Frameworks",
					"@loader_path/Frameworks",
				);
				PRODUCT_BUNDLE_IDENTIFIER = com.giovannarodrigues.BMICalculatorTests;
				PRODUCT_NAME = "$(TARGET_NAME)";
				SWIFT_VERSION = 5.0;
				TARGETED_DEVICE_FAMILY = "1,2";
				TEST_HOST = "$(BUILT_PRODUCTS_DIR)/BMICalculator.app/BMICalculator";
			};
			name = Release;
		};
		9C30945B26F2876000CF07D8 /* Debug */ = {
			isa = XCBuildConfiguration;
			buildSettings = {
				ALWAYS_EMBED_SWIFT_STANDARD_LIBRARIES = YES;
				CODE_SIGN_STYLE = Automatic;
				DEVELOPMENT_TEAM = S2NLC87TPJ;
				INFOPLIST_FILE = BMICalculatorUITests/Info.plist;
				LD_RUNPATH_SEARCH_PATHS = (
					"$(inherited)",
					"@executable_path/Frameworks",
					"@loader_path/Frameworks",
				);
				PRODUCT_BUNDLE_IDENTIFIER = com.giovannarodrigues.BMICalculatorUITests;
				PRODUCT_NAME = "$(TARGET_NAME)";
				SWIFT_VERSION = 5.0;
				TARGETED_DEVICE_FAMILY = "1,2";
				TEST_TARGET_NAME = BMICalculator;
			};
			name = Debug;
		};
		9C30945C26F2876000CF07D8 /* Release */ = {
			isa = XCBuildConfiguration;
			buildSettings = {
				ALWAYS_EMBED_SWIFT_STANDARD_LIBRARIES = YES;
				CODE_SIGN_STYLE = Automatic;
				DEVELOPMENT_TEAM = S2NLC87TPJ;
				INFOPLIST_FILE = BMICalculatorUITests/Info.plist;
				LD_RUNPATH_SEARCH_PATHS = (
					"$(inherited)",
					"@executable_path/Frameworks",
					"@loader_path/Frameworks",
				);
				PRODUCT_BUNDLE_IDENTIFIER = com.giovannarodrigues.BMICalculatorUITests;
				PRODUCT_NAME = "$(TARGET_NAME)";
				SWIFT_VERSION = 5.0;
				TARGETED_DEVICE_FAMILY = "1,2";
				TEST_TARGET_NAME = BMICalculator;
			};
			name = Release;
		};
/* End XCBuildConfiguration section */

/* Begin XCConfigurationList section */
		9C30942526F2875D00CF07D8 /* Build configuration list for PBXProject "BMICalculator" */ = {
			isa = XCConfigurationList;
			buildConfigurations = (
				9C30945226F2876000CF07D8 /* Debug */,
				9C30945326F2876000CF07D8 /* Release */,
			);
			defaultConfigurationIsVisible = 0;
			defaultConfigurationName = Release;
		};
		9C30945426F2876000CF07D8 /* Build configuration list for PBXNativeTarget "BMICalculator" */ = {
			isa = XCConfigurationList;
			buildConfigurations = (
				9C30945526F2876000CF07D8 /* Debug */,
				9C30945626F2876000CF07D8 /* Release */,
			);
			defaultConfigurationIsVisible = 0;
			defaultConfigurationName = Release;
		};
		9C30945726F2876000CF07D8 /* Build configuration list for PBXNativeTarget "BMICalculatorTests" */ = {
			isa = XCConfigurationList;
			buildConfigurations = (
				9C30945826F2876000CF07D8 /* Debug */,
				9C30945926F2876000CF07D8 /* Release */,
			);
			defaultConfigurationIsVisible = 0;
			defaultConfigurationName = Release;
		};
		9C30945A26F2876000CF07D8 /* Build configuration list for PBXNativeTarget "BMICalculatorUITests" */ = {
			isa = XCConfigurationList;
			buildConfigurations = (
				9C30945B26F2876000CF07D8 /* Debug */,
				9C30945C26F2876000CF07D8 /* Release */,
			);
			defaultConfigurationIsVisible = 0;
			defaultConfigurationName = Release;
		};
/* End XCConfigurationList section */
	};
	rootObject = 9C30942226F2875D00CF07D8 /* Project object */;
}
